
Microsoft Visual Studio Solution File, Format Version 12.00
# Visual Studio Version 17
VisualStudioVersion = 17.14.36221.1
MinimumVisualStudioVersion = 10.0.40219.1
Project("{FAE04EC0-301F-11D3-BF4B-00C04F79EFBC}") = "MaghsalatiSPlus", "MaghsalatiSPlus\MaghsalatiSPlus.csproj", "{8D514CDB-AB2C-4601-9B92-05C06C5B1285}"
EndProject
Project("{FAE04EC0-301F-11D3-BF4B-00C04F79EFBC}") = "MaghsalatiSPlus.WebMVC", "MaghsalatiSPlus.WebMVC\MaghsalatiSPlus.WebMVC.csproj", "{547B8545-4DAA-424A-A5E3-8F7194FB71C4}"
EndProject
Global
	GlobalSection(SolutionConfigurationPlatforms) = preSolution
		Debug|Any CPU = Debug|Any CPU
		Release|Any CPU = Release|Any CPU
	EndGlobalSection
	GlobalSection(ProjectConfigurationPlatforms) = postSolution
		{8D514CDB-AB2C-4601-9B92-05C06C5B1285}.Debug|Any CPU.ActiveCfg = Debug|Any CPU
		{8D514CDB-AB2C-4601-9B92-05C06C5B1285}.Debug|Any CPU.Build.0 = Debug|Any CPU
		{8D514CDB-AB2C-4601-9B92-05C06C5B1285}.Release|Any CPU.ActiveCfg = Release|Any CPU
		{8D514CDB-AB2C-4601-9B92-05C06C5B1285}.Release|Any CPU.Build.0 = Release|Any CPU
		{547B8545-4DAA-424A-A5E3-8F7194FB71C4}.Debug|Any CPU.ActiveCfg = Debug|Any CPU
		{547B8545-4DAA-424A-A5E3-8F7194FB71C4}.Debug|Any CPU.Build.0 = Debug|Any CPU
		{547B8545-4DAA-424A-A5E3-8F7194FB71C4}.Release|Any CPU.ActiveCfg = Release|Any CPU
		{547B8545-4DAA-424A-A5E3-8F7194FB71C4}.Release|Any CPU.Build.0 = Release|Any CPU
	EndGlobalSection
	GlobalSection(SolutionProperties) = preSolution
		HideSolutionNode = FALSE
	EndGlobalSection
	GlobalSection(ExtensibilityGlobals) = postSolution
		SolutionGuid = {E71FEE6C-7A05-462E-9D78-AEEF3DC4CA1E}
	EndGlobalSection
EndGlobal
